// !$*UTF8*$!
{
	archiveVersion = 1;
	classes = {
	};
	objectVersion = 50;
	objects = {

/* Begin PBXBuildFile section */
		663B9B9726A77852005A0DC6 /* CalculatorView.swift in Sources */ = {isa = PBXBuildFile; fileRef = 663B9B9626A77852005A0DC6 /* CalculatorView.swift */; };
		6672D26726AAFD4D003548AE /* DashboardView.swift in Sources */ = {isa = PBXBuildFile; fileRef = 6672D26626AAFD4D003548AE /* DashboardView.swift */; };
		6672D26A26AB0C81003548AE /* SettingsView.swift in Sources */ = {isa = PBXBuildFile; fileRef = 6672D26926AB0C81003548AE /* SettingsView.swift */; };
		667CE31426A7666F00706340 /* Millionaire_CountdownApp.swift in Sources */ = {isa = PBXBuildFile; fileRef = 667CE31326A7666F00706340 /* Millionaire_CountdownApp.swift */; };
		667CE31626A7666F00706340 /* ContentView.swift in Sources */ = {isa = PBXBuildFile; fileRef = 667CE31526A7666F00706340 /* ContentView.swift */; };
		667CE31826A7667100706340 /* Assets.xcassets in Resources */ = {isa = PBXBuildFile; fileRef = 667CE31726A7667100706340 /* Assets.xcassets */; };
		667CE31B26A7667100706340 /* Preview Assets.xcassets in Resources */ = {isa = PBXBuildFile; fileRef = 667CE31A26A7667100706340 /* Preview Assets.xcassets */; };
/* End PBXBuildFile section */

/* Begin PBXFileReference section */
		663B9B9626A77852005A0DC6 /* CalculatorView.swift */ = {isa = PBXFileReference; lastKnownFileType = sourcecode.swift; path = CalculatorView.swift; sourceTree = "<group>"; };
		6672D26626AAFD4D003548AE /* DashboardView.swift */ = {isa = PBXFileReference; lastKnownFileType = sourcecode.swift; path = DashboardView.swift; sourceTree = "<group>"; };
		6672D26926AB0C81003548AE /* SettingsView.swift */ = {isa = PBXFileReference; lastKnownFileType = sourcecode.swift; path = SettingsView.swift; sourceTree = "<group>"; };
		667CE31026A7666F00706340 /* Millionaire Countdown.app */ = {isa = PBXFileReference; explicitFileType = wrapper.application; includeInIndex = 0; path = "Millionaire Countdown.app"; sourceTree = BUILT_PRODUCTS_DIR; };
		667CE31326A7666F00706340 /* Millionaire_CountdownApp.swift */ = {isa = PBXFileReference; lastKnownFileType = sourcecode.swift; path = Millionaire_CountdownApp.swift; sourceTree = "<group>"; };
		667CE31526A7666F00706340 /* ContentView.swift */ = {isa = PBXFileReference; lastKnownFileType = sourcecode.swift; path = ContentView.swift; sourceTree = "<group>"; };
		667CE31726A7667100706340 /* Assets.xcassets */ = {isa = PBXFileReference; lastKnownFileType = folder.assetcatalog; path = Assets.xcassets; sourceTree = "<group>"; };
		667CE31A26A7667100706340 /* Preview Assets.xcassets */ = {isa = PBXFileReference; lastKnownFileType = folder.assetcatalog; path = "Preview Assets.xcassets"; sourceTree = "<group>"; };
		667CE31C26A7667100706340 /* Info.plist */ = {isa = PBXFileReference; lastKnownFileType = text.plist.xml; path = Info.plist; sourceTree = "<group>"; };
/* End PBXFileReference section */

/* Begin PBXFrameworksBuildPhase section */
		667CE30D26A7666F00706340 /* Frameworks */ = {
			isa = PBXFrameworksBuildPhase;
			buildActionMask = 2147483647;
			files = (
			);
			runOnlyForDeploymentPostprocessing = 0;
		};
/* End PBXFrameworksBuildPhase section */

/* Begin PBXGroup section */
		667CE30726A7666F00706340 = {
			isa = PBXGroup;
			children = (
				667CE31226A7666F00706340 /* Millionaire Countdown */,
				667CE31126A7666F00706340 /* Products */,
			);
			sourceTree = "<group>";
		};
		667CE31126A7666F00706340 /* Products */ = {
			isa = PBXGroup;
			children = (
				667CE31026A7666F00706340 /* Millionaire Countdown.app */,
			);
			name = Products;
			sourceTree = "<group>";
		};
		667CE31226A7666F00706340 /* Millionaire Countdown */ = {
			isa = PBXGroup;
			children = (
				667CE31326A7666F00706340 /* Millionaire_CountdownApp.swift */,
				667CE31526A7666F00706340 /* ContentView.swift */,
				667CE31726A7667100706340 /* Assets.xcassets */,
				667CE31C26A7667100706340 /* Info.plist */,
				667CE31926A7667100706340 /* Preview Content */,
				663B9B9626A77852005A0DC6 /* CalculatorView.swift */,
				6672D26626AAFD4D003548AE /* DashboardView.swift */,
				6672D26926AB0C81003548AE /* SettingsView.swift */,
			);
			path = "Millionaire Countdown";
			sourceTree = "<group>";
		};
		667CE31926A7667100706340 /* Preview Content */ = {
			isa = PBXGroup;
			children = (
				667CE31A26A7667100706340 /* Preview Assets.xcassets */,
			);
			path = "Preview Content";
			sourceTree = "<group>";
		};
/* End PBXGroup section */

/* Begin PBXNativeTarget section */
		667CE30F26A7666F00706340 /* Millionaire Countdown */ = {
			isa = PBXNativeTarget;
			buildConfigurationList = 667CE31F26A7667100706340 /* Build configuration list for PBXNativeTarget "Millionaire Countdown" */;
			buildPhases = (
				667CE30C26A7666F00706340 /* Sources */,
				667CE30D26A7666F00706340 /* Frameworks */,
				667CE30E26A7666F00706340 /* Resources */,
			);
			buildRules = (
			);
			dependencies = (
			);
			name = "Millionaire Countdown";
			productName = "Millionaire Countdown";
			productReference = 667CE31026A7666F00706340 /* Millionaire Countdown.app */;
			productType = "com.apple.product-type.application";
		};
/* End PBXNativeTarget section */

/* Begin PBXProject section */
		667CE30826A7666F00706340 /* Project object */ = {
			isa = PBXProject;
			attributes = {
				LastSwiftUpdateCheck = 1230;
				LastUpgradeCheck = 1230;
				TargetAttributes = {
					667CE30F26A7666F00706340 = {
						CreatedOnToolsVersion = 12.3;
					};
				};
			};
			buildConfigurationList = 667CE30B26A7666F00706340 /* Build configuration list for PBXProject "Millionaire Countdown" */;
			compatibilityVersion = "Xcode 9.3";
			developmentRegion = en;
			hasScannedForEncodings = 0;
			knownRegions = (
				en,
				Base,
			);
			mainGroup = 667CE30726A7666F00706340;
			productRefGroup = 667CE31126A7666F00706340 /* Products */;
			projectDirPath = "";
			projectRoot = "";
			targets = (
				667CE30F26A7666F00706340 /* Millionaire Countdown */,
			);
		};
/* End PBXProject section */

/* Begin PBXResourcesBuildPhase section */
		667CE30E26A7666F00706340 /* Resources */ = {
			isa = PBXResourcesBuildPhase;
			buildActionMask = 2147483647;
			files = (
				667CE31B26A7667100706340 /* Preview Assets.xcassets in Resources */,
				667CE31826A7667100706340 /* Assets.xcassets in Resources */,
			);
			runOnlyForDeploymentPostprocessing = 0;
		};
/* End PBXResourcesBuildPhase section */

/* Begin PBXSourcesBuildPhase section */
		667CE30C26A7666F00706340 /* Sources */ = {
			isa = PBXSourcesBuildPhase;
			buildActionMask = 2147483647;
			files = (
				6672D26A26AB0C81003548AE /* SettingsView.swift in Sources */,
				667CE31626A7666F00706340 /* ContentView.swift in Sources */,
				6672D26726AAFD4D003548AE /* DashboardView.swift in Sources */,
				663B9B9726A77852005A0DC6 /* CalculatorView.swift in Sources */,
				667CE31426A7666F00706340 /* Millionaire_CountdownApp.swift in Sources */,
			);
			runOnlyForDeploymentPostprocessing = 0;
		};
/* End PBXSourcesBuildPhase section */

/* Begin XCBuildConfiguration section */
		667CE31D26A7667100706340 /* Debug */ = {
			isa = XCBuildConfiguration;
			buildSettings = {
				ALWAYS_SEARCH_USER_PATHS = NO;
				CLANG_ANALYZER_NONNULL = YES;
				CLANG_ANALYZER_NUMBER_OBJECT_CONVERSION = YES_AGGRESSIVE;
				CLANG_CXX_LANGUAGE_STANDARD = "gnu++14";
				CLANG_CXX_LIBRARY = "libc++";
				CLANG_ENABLE_MODULES = YES;
				CLANG_ENABLE_OBJC_ARC = YES;
				CLANG_ENABLE_OBJC_WEAK = YES;
				CLANG_WARN_BLOCK_CAPTURE_AUTORELEASING = YES;
				CLANG_WARN_BOOL_CONVERSION = YES;
				CLANG_WARN_COMMA = YES;
				CLANG_WARN_CONSTANT_CONVERSION = YES;
				CLANG_WARN_DEPRECATED_OBJC_IMPLEMENTATIONS = YES;
				CLANG_WARN_DIRECT_OBJC_ISA_USAGE = YES_ERROR;
				CLANG_WARN_DOCUMENTATION_COMMENTS = YES;
				CLANG_WARN_EMPTY_BODY = YES;
				CLANG_WARN_ENUM_CONVERSION = YES;
				CLANG_WARN_INFINITE_RECURSION = YES;
				CLANG_WARN_INT_CONVERSION = YES;
				CLANG_WARN_NON_LITERAL_NULL_CONVERSION = YES;
				CLANG_WARN_OBJC_IMPLICIT_RETAIN_SELF = YES;
				CLANG_WARN_OBJC_LITERAL_CONVERSION = YES;
				CLANG_WARN_OBJC_ROOT_CLASS = YES_ERROR;
				CLANG_WARN_QUOTED_INCLUDE_IN_FRAMEWORK_HEADER = YES;
				CLANG_WARN_RANGE_LOOP_ANALYSIS = YES;
				CLANG_WARN_STRICT_PROTOTYPES = YES;
				CLANG_WARN_SUSPICIOUS_MOVE = YES;
				CLANG_WARN_UNGUARDED_AVAILABILITY = YES_AGGRESSIVE;
				CLANG_WARN_UNREACHABLE_CODE = YES;
				CLANG_WARN__DUPLICATE_METHOD_MATCH = YES;
				COPY_PHASE_STRIP = NO;
				DEBUG_INFORMATION_FORMAT = dwarf;
				ENABLE_STRICT_OBJC_MSGSEND = YES;
				ENABLE_TESTABILITY = YES;
				GCC_C_LANGUAGE_STANDARD = gnu11;
				GCC_DYNAMIC_NO_PIC = NO;
				GCC_NO_COMMON_BLOCKS = YES;
				GCC_OPTIMIZATION_LEVEL = 0;
				GCC_PREPROCESSOR_DEFINITIONS = (
					"DEBUG=1",
					"$(inherited)",
				);
				GCC_WARN_64_TO_32_BIT_CONVERSION = YES;
				GCC_WARN_ABOUT_RETURN_TYPE = YES_ERROR;
				GCC_WARN_UNDECLARED_SELECTOR = YES;
				GCC_WARN_UNINITIALIZED_AUTOS = YES_AGGRESSIVE;
				GCC_WARN_UNUSED_FUNCTION = YES;
				GCC_WARN_UNUSED_VARIABLE = YES;
				IPHONEOS_DEPLOYMENT_TARGET = 14.3;
				MTL_ENABLE_DEBUG_INFO = INCLUDE_SOURCE;
				MTL_FAST_MATH = YES;
				ONLY_ACTIVE_ARCH = YES;
				SDKROOT = iphoneos;
				SWIFT_ACTIVE_COMPILATION_CONDITIONS = DEBUG;
				SWIFT_OPTIMIZATION_LEVEL = "-Onone";
			};
			name = Debug;
		};
		667CE31E26A7667100706340 /* Release */ = {
			isa = XCBuildConfiguration;
			buildSettings = {
				ALWAYS_SEARCH_USER_PATHS = NO;
				CLANG_ANALYZER_NONNULL = YES;
				CLANG_ANALYZER_NUMBER_OBJECT_CONVERSION = YES_AGGRESSIVE;
				CLANG_CXX_LANGUAGE_STANDARD = "gnu++14";
				CLANG_CXX_LIBRARY = "libc++";
				CLANG_ENABLE_MODULES = YES;
				CLANG_ENABLE_OBJC_ARC = YES;
				CLANG_ENABLE_OBJC_WEAK = YES;
				CLANG_WARN_BLOCK_CAPTURE_AUTORELEASING = YES;
				CLANG_WARN_BOOL_CONVERSION = YES;
				CLANG_WARN_COMMA = YES;
				CLANG_WARN_CONSTANT_CONVERSION = YES;
				CLANG_WARN_DEPRECATED_OBJC_IMPLEMENTATIONS = YES;
				CLANG_WARN_DIRECT_OBJC_ISA_USAGE = YES_ERROR;
				CLANG_WARN_DOCUMENTATION_COMMENTS = YES;
				CLANG_WARN_EMPTY_BODY = YES;
				CLANG_WARN_ENUM_CONVERSION = YES;
				CLANG_WARN_INFINITE_RECURSION = YES;
				CLANG_WARN_INT_CONVERSION = YES;
				CLANG_WARN_NON_LITERAL_NULL_CONVERSION = YES;
				CLANG_WARN_OBJC_IMPLICIT_RETAIN_SELF = YES;
				CLANG_WARN_OBJC_LITERAL_CONVERSION = YES;
				CLANG_WARN_OBJC_ROOT_CLASS = YES_ERROR;
				CLANG_WARN_QUOTED_INCLUDE_IN_FRAMEWORK_HEADER = YES;
				CLANG_WARN_RANGE_LOOP_ANALYSIS = YES;
				CLANG_WARN_STRICT_PROTOTYPES = YES;
				CLANG_WARN_SUSPICIOUS_MOVE = YES;
				CLANG_WARN_UNGUARDED_AVAILABILITY = YES_AGGRESSIVE;
				CLANG_WARN_UNREACHABLE_CODE = YES;
				CLANG_WARN__DUPLICATE_METHOD_MATCH = YES;
				COPY_PHASE_STRIP = NO;
				DEBUG_INFORMATION_FORMAT = "dwarf-with-dsym";
				ENABLE_NS_ASSERTIONS = NO;
				ENABLE_STRICT_OBJC_MSGSEND = YES;
				GCC_C_LANGUAGE_STANDARD = gnu11;
				GCC_NO_COMMON_BLOCKS = YES;
				GCC_WARN_64_TO_32_BIT_CONVERSION = YES;
				GCC_WARN_ABOUT_RETURN_TYPE = YES_ERROR;
				GCC_WARN_UNDECLARED_SELECTOR = YES;
				GCC_WARN_UNINITIALIZED_AUTOS = YES_AGGRESSIVE;
				GCC_WARN_UNUSED_FUNCTION = YES;
				GCC_WARN_UNUSED_VARIABLE = YES;
				IPHONEOS_DEPLOYMENT_TARGET = 14.3;
				MTL_ENABLE_DEBUG_INFO = NO;
				MTL_FAST_MATH = YES;
				SDKROOT = iphoneos;
				SWIFT_COMPILATION_MODE = wholemodule;
				SWIFT_OPTIMIZATION_LEVEL = "-O";
				VALIDATE_PRODUCT = YES;
			};
			name = Release;
		};
		667CE32026A7667100706340 /* Debug */ = {
			isa = XCBuildConfiguration;
			buildSettings = {
				ASSETCATALOG_COMPILER_APPICON_NAME = AppIcon;
				ASSETCATALOG_COMPILER_GLOBAL_ACCENT_COLOR_NAME = AccentColor;
				CODE_SIGN_STYLE = Automatic;
				DEVELOPMENT_ASSET_PATHS = "\"Millionaire Countdown/Preview Content\"";
				DEVELOPMENT_TEAM = KD9MSMUJLJ;
				ENABLE_PREVIEWS = YES;
				INFOPLIST_FILE = "Millionaire Countdown/Info.plist";
				IPHONEOS_DEPLOYMENT_TARGET = 14.0;
				LD_RUNPATH_SEARCH_PATHS = (
					"$(inherited)",
					"@executable_path/Frameworks",
				);
				PRODUCT_BUNDLE_IDENTIFIER = "com.matthewsmith.Millionaire-Countdown";
				PRODUCT_NAME = "$(TARGET_NAME)";
				SWIFT_VERSION = 5.0;
				TARGETED_DEVICE_FAMILY = "1,2";
			};
			name = Debug;
		};
		667CE32126A7667100706340 /* Release */ = {
			isa = XCBuildConfiguration;
			buildSettings = {
				ASSETCATALOG_COMPILER_APPICON_NAME = AppIcon;
				ASSETCATALOG_COMPILER_GLOBAL_ACCENT_COLOR_NAME = AccentColor;
				CODE_SIGN_STYLE = Automatic;
				DEVELOPMENT_ASSET_PATHS = "\"Millionaire Countdown/Preview Content\"";
				DEVELOPMENT_TEAM = KD9MSMUJLJ;
				ENABLE_PREVIEWS = YES;
				INFOPLIST_FILE = "Millionaire Countdown/Info.plist";
				IPHONEOS_DEPLOYMENT_TARGET = 14.0;
				LD_RUNPATH_SEARCH_PATHS = (
					"$(inherited)",
					"@executable_path/Frameworks",
				);
				PRODUCT_BUNDLE_IDENTIFIER = "com.matthewsmith.Millionaire-Countdown";
				PRODUCT_NAME = "$(TARGET_NAME)";
				SWIFT_VERSION = 5.0;
				TARGETED_DEVICE_FAMILY = "1,2";
			};
			name = Release;
		};
/* End XCBuildConfiguration section */

/* Begin XCConfigurationList section */
		667CE30B26A7666F00706340 /* Build configuration list for PBXProject "Millionaire Countdown" */ = {
			isa = XCConfigurationList;
			buildConfigurations = (
				667CE31D26A7667100706340 /* Debug */,
				667CE31E26A7667100706340 /* Release */,
			);
			defaultConfigurationIsVisible = 0;
			defaultConfigurationName = Release;
		};
		667CE31F26A7667100706340 /* Build configuration list for PBXNativeTarget "Millionaire Countdown" */ = {
			isa = XCConfigurationList;
			buildConfigurations = (
				667CE32026A7667100706340 /* Debug */,
				667CE32126A7667100706340 /* Release */,
			);
			defaultConfigurationIsVisible = 0;
			defaultConfigurationName = Release;
		};
/* End XCConfigurationList section */
	};
	rootObject = 667CE30826A7666F00706340 /* Project object */;
}
